
Microsoft Visual Studio Solution File, Format Version 12.00
# Visual Studio Version 16
VisualStudioVersion = 16.0.34031.81
MinimumVisualStudioVersion = 10.0.40219.1
Project("{FAE04EC0-301F-11D3-BF4B-00C04F79EFBC}") = "WindowsFormsApp1", "WindowsFormsApp1\WindowsFormsApp1.csproj", "{AD73DD1F-73E9-43D9-AB4A-A0441E660508}"
EndProject
Global
	GlobalSection(SolutionConfigurationPlatforms) = preSolution
		Debug|Any CPU = Debug|Any CPU
		Release|Any CPU = Release|Any CPU
	EndGlobalSection
	GlobalSection(ProjectConfigurationPlatforms) = postSolution
		{AD73DD1F-73E9-43D9-AB4A-A0441E660508}.Debug|Any CPU.ActiveCfg = Debug|Any CPU
		{AD73DD1F-73E9-43D9-AB4A-A0441E660508}.Debug|Any CPU.Build.0 = Debug|Any CPU
		{AD73DD1F-73E9-43D9-AB4A-A0441E660508}.Release|Any CPU.ActiveCfg = Release|Any CPU
		{AD73DD1F-73E9-43D9-AB4A-A0441E660508}.Release|Any CPU.Build.0 = Release|Any CPU
	EndGlobalSection
	GlobalSection(SolutionProperties) = preSolution
		HideSolutionNode = FALSE
	EndGlobalSection
	GlobalSection(ExtensibilityGlobals) = postSolution
		SolutionGuid = {64BDD6D4-6F01-4D42-8B19-C6CB422E27F2}
	EndGlobalSection
EndGlobal
